
Microsoft Visual Studio Solution File, Format Version 12.00
# Visual Studio Version 16
VisualStudioVersion = 16.0.30320.27
MinimumVisualStudioVersion = 10.0.40219.1
Project("{9A19103F-16F7-4668-BE54-9A1E7A4F7556}") = "C_sharp_assessment1", "C_sharp_assessment1.csproj", "{8884D86A-348C-4B3C-B426-3E81152D8464}"
EndProject
Project("{FAE04EC0-301F-11D3-BF4B-00C04F79EFBC}") = "Assessment1_test", "..\Assessment1_test\Assessment1_test.csproj", "{B701A876-C34A-4B9F-A525-C4C7B8DE960D}"
EndProject
Global
	GlobalSection(SolutionConfigurationPlatforms) = preSolution
		Debug|Any CPU = Debug|Any CPU
		Release|Any CPU = Release|Any CPU
	EndGlobalSection
	GlobalSection(ProjectConfigurationPlatforms) = postSolution
		{8884D86A-348C-4B3C-B426-3E81152D8464}.Debug|Any CPU.ActiveCfg = Debug|Any CPU
		{8884D86A-348C-4B3C-B426-3E81152D8464}.Debug|Any CPU.Build.0 = Debug|Any CPU
		{8884D86A-348C-4B3C-B426-3E81152D8464}.Release|Any CPU.ActiveCfg = Release|Any CPU
		{8884D86A-348C-4B3C-B426-3E81152D8464}.Release|Any CPU.Build.0 = Release|Any CPU
		{B701A876-C34A-4B9F-A525-C4C7B8DE960D}.Debug|Any CPU.ActiveCfg = Debug|Any CPU
		{B701A876-C34A-4B9F-A525-C4C7B8DE960D}.Debug|Any CPU.Build.0 = Debug|Any CPU
		{B701A876-C34A-4B9F-A525-C4C7B8DE960D}.Release|Any CPU.ActiveCfg = Release|Any CPU
		{B701A876-C34A-4B9F-A525-C4C7B8DE960D}.Release|Any CPU.Build.0 = Release|Any CPU
	EndGlobalSection
	GlobalSection(SolutionProperties) = preSolution
		HideSolutionNode = FALSE
	EndGlobalSection
	GlobalSection(ExtensibilityGlobals) = postSolution
		SolutionGuid = {3D62DF39-48C7-46EA-A951-E8938544626C}
	EndGlobalSection
EndGlobal
